
Microsoft Visual Studio Solution File, Format Version 12.00
# Visual Studio Version 17
VisualStudioVersion = 17.10.35122.118
MinimumVisualStudioVersion = 10.0.40219.1
Project("{8BC9CEB8-8B4A-11D0-8D11-00A0C91BC942}") = "TableOfContents", "TableOfContents\TableOfContents.vcxproj", "{DD30C984-525D-4CA1-ADF2-8D27E4F157D4}"
EndProject
Global
	GlobalSection(SolutionConfigurationPlatforms) = preSolution
		Debug|x64 = Debug|x64
		Debug|x86 = Debug|x86
		Release|x64 = Release|x64
		Release|x86 = Release|x86
	EndGlobalSection
	GlobalSection(ProjectConfigurationPlatforms) = postSolution
		{DD30C984-525D-4CA1-ADF2-8D27E4F157D4}.Debug|x64.ActiveCfg = Debug|x64
		{DD30C984-525D-4CA1-ADF2-8D27E4F157D4}.Debug|x64.Build.0 = Debug|x64
		{DD30C984-525D-4CA1-ADF2-8D27E4F157D4}.Debug|x86.ActiveCfg = Debug|Win32
		{DD30C984-525D-4CA1-ADF2-8D27E4F157D4}.Debug|x86.Build.0 = Debug|Win32
		{DD30C984-525D-4CA1-ADF2-8D27E4F157D4}.Release|x64.ActiveCfg = Release|x64
		{DD30C984-525D-4CA1-ADF2-8D27E4F157D4}.Release|x64.Build.0 = Release|x64
		{DD30C984-525D-4CA1-ADF2-8D27E4F157D4}.Release|x86.ActiveCfg = Release|Win32
		{DD30C984-525D-4CA1-ADF2-8D27E4F157D4}.Release|x86.Build.0 = Release|Win32
	EndGlobalSection
	GlobalSection(SolutionProperties) = preSolution
		HideSolutionNode = FALSE
	EndGlobalSection
	GlobalSection(ExtensibilityGlobals) = postSolution
		SolutionGuid = {1BAC31DA-A42F-437A-9EE4-A49E752F830A}
	EndGlobalSection
EndGlobal
